github.com/AgoraIO/Tools v0.0.0-20210416154204-d98431072eb0 h1:Y3ktfwOwawNh2pPIAmTjuaPgi2NdOT1AdNfWAjJKrkM=
github.com/AgoraIO/Tools/DynamicKey/AgoraDynamicKey/go/src v0.0.0-20210416154204-d98431072eb0 h1:YBMrJX1jdLxsjaOIznLgzKVS6Gc4CL/HfxWk2PF5TnY=
github.com/AgoraIO/Tools/DynamicKey/AgoraDynamicKey/go/src v0.0.0-20210416154204-d98431072eb0/go.mod h1:4bXIK0ntDk9CqAXobmomWd7dedbfNv/aaIpmpqqzt+A=
